// !$*UTF8*$!
{
	archiveVersion = 1;
	classes = {
	};
	objectVersion = 46;
	objects = {

/* Begin PBXBuildFile section */
		3D17DA2C1E5EBA2900A8A76C /* IMG_3219.PNG in Resources */ = {isa = PBXBuildFile; fileRef = 3D17DA2B1E5EBA2900A8A76C /* IMG_3219.PNG */; };
		3D17DA2E1E5EBA9D00A8A76C /* SeeMajorsView.swift in Sources */ = {isa = PBXBuildFile; fileRef = 3D17DA2D1E5EBA9D00A8A76C /* SeeMajorsView.swift */; };
		3D4B962B1E5E8B8700B41379 /* SeeCreditsView.swift in Sources */ = {isa = PBXBuildFile; fileRef = 3D4B962A1E5E8B8700B41379 /* SeeCreditsView.swift */; };
		3D4B96311E5EA27700B41379 /* CloudKit.framework in Frameworks */ = {isa = PBXBuildFile; fileRef = 3D4B96301E5EA27700B41379 /* CloudKit.framework */; };
		3D4B96331E5EB00700B41379 /* majors.swift in Sources */ = {isa = PBXBuildFile; fileRef = 3D4B96321E5EB00700B41379 /* majors.swift */; };
		3D4B96361E6E246D00B41379 /* ClassCollectionViewCell.swift in Sources */ = {isa = PBXBuildFile; fileRef = 3D4B96351E6E246D00B41379 /* ClassCollectionViewCell.swift */; };
		3D4B96381E6F5D2800B41379 /* SearchBar.swift in Sources */ = {isa = PBXBuildFile; fileRef = 3D4B96371E6F5D2800B41379 /* SearchBar.swift */; };
		3D4B963A1E6F87D800B41379 /* ClassView.swift in Sources */ = {isa = PBXBuildFile; fileRef = 3D4B96391E6F87D800B41379 /* ClassView.swift */; };
		3D672C481E5E4DE600D56E8F /* AppDelegate.swift in Sources */ = {isa = PBXBuildFile; fileRef = 3D672C471E5E4DE600D56E8F /* AppDelegate.swift */; };
		3D672C4A1E5E4DE600D56E8F /* ViewController.swift in Sources */ = {isa = PBXBuildFile; fileRef = 3D672C491E5E4DE600D56E8F /* ViewController.swift */; };
		3D672C4D1E5E4DE600D56E8F /* Main.storyboard in Resources */ = {isa = PBXBuildFile; fileRef = 3D672C4B1E5E4DE600D56E8F /* Main.storyboard */; };
		3D672C4F1E5E4DE600D56E8F /* Assets.xcassets in Resources */ = {isa = PBXBuildFile; fileRef = 3D672C4E1E5E4DE600D56E8F /* Assets.xcassets */; };
		3D672C521E5E4DE600D56E8F /* LaunchScreen.storyboard in Resources */ = {isa = PBXBuildFile; fileRef = 3D672C501E5E4DE600D56E8F /* LaunchScreen.storyboard */; };
		3D672C5D1E5E4DE700D56E8F /* iCourse_CatalogTests.swift in Sources */ = {isa = PBXBuildFile; fileRef = 3D672C5C1E5E4DE700D56E8F /* iCourse_CatalogTests.swift */; };
		3D672C681E5E4DE700D56E8F /* iCourse_CatalogUITests.swift in Sources */ = {isa = PBXBuildFile; fileRef = 3D672C671E5E4DE700D56E8F /* iCourse_CatalogUITests.swift */; };
		3D672C761E5E79F200D56E8F /* credits.swift in Sources */ = {isa = PBXBuildFile; fileRef = 3D672C751E5E79F200D56E8F /* credits.swift */; };
		3D672C781E5E7B6700D56E8F /* MyCollectionViewCell.swift in Sources */ = {isa = PBXBuildFile; fileRef = 3D672C771E5E7B6600D56E8F /* MyCollectionViewCell.swift */; };
/* End PBXBuildFile section */

/* Begin PBXContainerItemProxy section */
		3D672C591E5E4DE700D56E8F /* PBXContainerItemProxy */ = {
			isa = PBXContainerItemProxy;
			containerPortal = 3D672C3C1E5E4DE400D56E8F /* Project object */;
			proxyType = 1;
			remoteGlobalIDString = 3D672C431E5E4DE500D56E8F;
			remoteInfo = "iCourse Catalog";
		};
		3D672C641E5E4DE700D56E8F /* PBXContainerItemProxy */ = {
			isa = PBXContainerItemProxy;
			containerPortal = 3D672C3C1E5E4DE400D56E8F /* Project object */;
			proxyType = 1;
			remoteGlobalIDString = 3D672C431E5E4DE500D56E8F;
			remoteInfo = "iCourse Catalog";
		};
/* End PBXContainerItemProxy section */

/* Begin PBXFileReference section */
		3D17DA2B1E5EBA2900A8A76C /* IMG_3219.PNG */ = {isa = PBXFileReference; lastKnownFileType = image.png; path = IMG_3219.PNG; sourceTree = "<group>"; };
		3D17DA2D1E5EBA9D00A8A76C /* SeeMajorsView.swift */ = {isa = PBXFileReference; fileEncoding = 4; lastKnownFileType = sourcecode.swift; path = SeeMajorsView.swift; sourceTree = "<group>"; };
		3D4B962A1E5E8B8700B41379 /* SeeCreditsView.swift */ = {isa = PBXFileReference; fileEncoding = 4; lastKnownFileType = sourcecode.swift; path = SeeCreditsView.swift; sourceTree = "<group>"; };
		3D4B962E1E5EA26B00B41379 /* iCourse Catalog.entitlements */ = {isa = PBXFileReference; lastKnownFileType = text.plist.entitlements; path = "iCourse Catalog.entitlements"; sourceTree = "<group>"; };
		3D4B96301E5EA27700B41379 /* CloudKit.framework */ = {isa = PBXFileReference; lastKnownFileType = wrapper.framework; name = CloudKit.framework; path = System/Library/Frameworks/CloudKit.framework; sourceTree = SDKROOT; };
		3D4B96321E5EB00700B41379 /* majors.swift */ = {isa = PBXFileReference; fileEncoding = 4; lastKnownFileType = sourcecode.swift; path = majors.swift; sourceTree = "<group>"; };
		3D4B96351E6E246D00B41379 /* ClassCollectionViewCell.swift */ = {isa = PBXFileReference; fileEncoding = 4; lastKnownFileType = sourcecode.swift; path = ClassCollectionViewCell.swift; sourceTree = "<group>"; };
		3D4B96371E6F5D2800B41379 /* SearchBar.swift */ = {isa = PBXFileReference; fileEncoding = 4; lastKnownFileType = sourcecode.swift; path = SearchBar.swift; sourceTree = "<group>"; };
		3D4B96391E6F87D800B41379 /* ClassView.swift */ = {isa = PBXFileReference; fileEncoding = 4; lastKnownFileType = sourcecode.swift; path = ClassView.swift; sourceTree = "<group>"; };
		3D672C441E5E4DE500D56E8F /* iCourse Catalog.app */ = {isa = PBXFileReference; explicitFileType = wrapper.application; includeInIndex = 0; path = "iCourse Catalog.app"; sourceTree = BUILT_PRODUCTS_DIR; };
		3D672C471E5E4DE600D56E8F /* AppDelegate.swift */ = {isa = PBXFileReference; lastKnownFileType = sourcecode.swift; path = AppDelegate.swift; sourceTree = "<group>"; };
		3D672C491E5E4DE600D56E8F /* ViewController.swift */ = {isa = PBXFileReference; lastKnownFileType = sourcecode.swift; path = ViewController.swift; sourceTree = "<group>"; };
		3D672C4C1E5E4DE600D56E8F /* Base */ = {isa = PBXFileReference; lastKnownFileType = file.storyboard; name = Base; path = Base.lproj/Main.storyboard; sourceTree = "<group>"; };
		3D672C4E1E5E4DE600D56E8F /* Assets.xcassets */ = {isa = PBXFileReference; lastKnownFileType = folder.assetcatalog; path = Assets.xcassets; sourceTree = "<group>"; };
		3D672C511E5E4DE600D56E8F /* Base */ = {isa = PBXFileReference; lastKnownFileType = file.storyboard; name = Base; path = Base.lproj/LaunchScreen.storyboard; sourceTree = "<group>"; };
		3D672C531E5E4DE700D56E8F /* Info.plist */ = {isa = PBXFileReference; lastKnownFileType = text.plist.xml; path = Info.plist; sourceTree = "<group>"; };
		3D672C581E5E4DE700D56E8F /* iCourse CatalogTests.xctest */ = {isa = PBXFileReference; explicitFileType = wrapper.cfbundle; includeInIndex = 0; path = "iCourse CatalogTests.xctest"; sourceTree = BUILT_PRODUCTS_DIR; };
		3D672C5C1E5E4DE700D56E8F /* iCourse_CatalogTests.swift */ = {isa = PBXFileReference; lastKnownFileType = sourcecode.swift; path = iCourse_CatalogTests.swift; sourceTree = "<group>"; };
		3D672C5E1E5E4DE700D56E8F /* Info.plist */ = {isa = PBXFileReference; lastKnownFileType = text.plist.xml; path = Info.plist; sourceTree = "<group>"; };
		3D672C631E5E4DE700D56E8F /* iCourse CatalogUITests.xctest */ = {isa = PBXFileReference; explicitFileType = wrapper.cfbundle; includeInIndex = 0; path = "iCourse CatalogUITests.xctest"; sourceTree = BUILT_PRODUCTS_DIR; };
		3D672C671E5E4DE700D56E8F /* iCourse_CatalogUITests.swift */ = {isa = PBXFileReference; lastKnownFileType = sourcecode.swift; path = iCourse_CatalogUITests.swift; sourceTree = "<group>"; };
		3D672C691E5E4DE800D56E8F /* Info.plist */ = {isa = PBXFileReference; lastKnownFileType = text.plist.xml; path = Info.plist; sourceTree = "<group>"; };
		3D672C751E5E79F200D56E8F /* credits.swift */ = {isa = PBXFileReference; fileEncoding = 4; lastKnownFileType = sourcecode.swift; path = credits.swift; sourceTree = "<group>"; };
		3D672C771E5E7B6600D56E8F /* MyCollectionViewCell.swift */ = {isa = PBXFileReference; fileEncoding = 4; lastKnownFileType = sourcecode.swift; path = MyCollectionViewCell.swift; sourceTree = "<group>"; };
/* End PBXFileReference section */

/* Begin PBXFrameworksBuildPhase section */
		3D672C411E5E4DE500D56E8F /* Frameworks */ = {
			isa = PBXFrameworksBuildPhase;
			buildActionMask = 2147483647;
			files = (
				3D4B96311E5EA27700B41379 /* CloudKit.framework in Frameworks */,
			);
			runOnlyForDeploymentPostprocessing = 0;
		};
		3D672C551E5E4DE700D56E8F /* Frameworks */ = {
			isa = PBXFrameworksBuildPhase;
			buildActionMask = 2147483647;
			files = (
			);
			runOnlyForDeploymentPostprocessing = 0;
		};
		3D672C601E5E4DE700D56E8F /* Frameworks */ = {
			isa = PBXFrameworksBuildPhase;
			buildActionMask = 2147483647;
			files = (
			);
			runOnlyForDeploymentPostprocessing = 0;
		};
/* End PBXFrameworksBuildPhase section */

/* Begin PBXGroup section */
		3D4B962F1E5EA27700B41379 /* Frameworks */ = {
			isa = PBXGroup;
			children = (
				3D4B96301E5EA27700B41379 /* CloudKit.framework */,
			);
			name = Frameworks;
			sourceTree = "<group>";
		};
		3D672C3B1E5E4DE200D56E8F = {
			isa = PBXGroup;
			children = (
				3D672C461E5E4DE500D56E8F /* iCourse Catalog */,
				3D672C5B1E5E4DE700D56E8F /* iCourse CatalogTests */,
				3D672C661E5E4DE700D56E8F /* iCourse CatalogUITests */,
				3D672C451E5E4DE500D56E8F /* Products */,
				3D4B962F1E5EA27700B41379 /* Frameworks */,
			);
			sourceTree = "<group>";
		};
		3D672C451E5E4DE500D56E8F /* Products */ = {
			isa = PBXGroup;
			children = (
				3D672C441E5E4DE500D56E8F /* iCourse Catalog.app */,
				3D672C581E5E4DE700D56E8F /* iCourse CatalogTests.xctest */,
				3D672C631E5E4DE700D56E8F /* iCourse CatalogUITests.xctest */,
			);
			name = Products;
			sourceTree = "<group>";
		};
		3D672C461E5E4DE500D56E8F /* iCourse Catalog */ = {
			isa = PBXGroup;
			children = (
				3D4B962E1E5EA26B00B41379 /* iCourse Catalog.entitlements */,
				3D672C471E5E4DE600D56E8F /* AppDelegate.swift */,
				3D672C491E5E4DE600D56E8F /* ViewController.swift */,
				3D672C4B1E5E4DE600D56E8F /* Main.storyboard */,
				3D4B96391E6F87D800B41379 /* ClassView.swift */,
				3D4B96371E6F5D2800B41379 /* SearchBar.swift */,
				3D672C751E5E79F200D56E8F /* credits.swift */,
				3D4B96321E5EB00700B41379 /* majors.swift */,
				3D17DA2D1E5EBA9D00A8A76C /* SeeMajorsView.swift */,
				3D4B962A1E5E8B8700B41379 /* SeeCreditsView.swift */,
				3D672C771E5E7B6600D56E8F /* MyCollectionViewCell.swift */,
				3D4B96351E6E246D00B41379 /* ClassCollectionViewCell.swift */,
				3D672C4E1E5E4DE600D56E8F /* Assets.xcassets */,
				3D17DA2B1E5EBA2900A8A76C /* IMG_3219.PNG */,
				3D672C501E5E4DE600D56E8F /* LaunchScreen.storyboard */,
				3D672C531E5E4DE700D56E8F /* Info.plist */,
			);
			path = "iCourse Catalog";
			sourceTree = "<group>";
		};
		3D672C5B1E5E4DE700D56E8F /* iCourse CatalogTests */ = {
			isa = PBXGroup;
			children = (
				3D672C5C1E5E4DE700D56E8F /* iCourse_CatalogTests.swift */,
				3D672C5E1E5E4DE700D56E8F /* Info.plist */,
			);
			path = "iCourse CatalogTests";
			sourceTree = "<group>";
		};
		3D672C661E5E4DE700D56E8F /* iCourse CatalogUITests */ = {
			isa = PBXGroup;
			children = (
				3D672C671E5E4DE700D56E8F /* iCourse_CatalogUITests.swift */,
				3D672C691E5E4DE800D56E8F /* Info.plist */,
			);
			path = "iCourse CatalogUITests";
			sourceTree = "<group>";
		};
/* End PBXGroup section */

/* Begin PBXNativeTarget section */
		3D672C431E5E4DE500D56E8F /* iCourse Catalog */ = {
			isa = PBXNativeTarget;
			buildConfigurationList = 3D672C6C1E5E4DE800D56E8F /* Build configuration list for PBXNativeTarget "iCourse Catalog" */;
			buildPhases = (
				3D672C401E5E4DE500D56E8F /* Sources */,
				3D672C411E5E4DE500D56E8F /* Frameworks */,
				3D672C421E5E4DE500D56E8F /* Resources */,
			);
			buildRules = (
			);
			dependencies = (
			);
			name = "iCourse Catalog";
			productName = "iCourse Catalog";
			productReference = 3D672C441E5E4DE500D56E8F /* iCourse Catalog.app */;
			productType = "com.apple.product-type.application";
		};
		3D672C571E5E4DE700D56E8F /* iCourse CatalogTests */ = {
			isa = PBXNativeTarget;
			buildConfigurationList = 3D672C6F1E5E4DE800D56E8F /* Build configuration list for PBXNativeTarget "iCourse CatalogTests" */;
			buildPhases = (
				3D672C541E5E4DE700D56E8F /* Sources */,
				3D672C551E5E4DE700D56E8F /* Frameworks */,
				3D672C561E5E4DE700D56E8F /* Resources */,
			);
			buildRules = (
			);
			dependencies = (
				3D672C5A1E5E4DE700D56E8F /* PBXTargetDependency */,
			);
			name = "iCourse CatalogTests";
			productName = "iCourse CatalogTests";
			productReference = 3D672C581E5E4DE700D56E8F /* iCourse CatalogTests.xctest */;
			productType = "com.apple.product-type.bundle.unit-test";
		};
		3D672C621E5E4DE700D56E8F /* iCourse CatalogUITests */ = {
			isa = PBXNativeTarget;
			buildConfigurationList = 3D672C721E5E4DE800D56E8F /* Build configuration list for PBXNativeTarget "iCourse CatalogUITests" */;
			buildPhases = (
				3D672C5F1E5E4DE700D56E8F /* Sources */,
				3D672C601E5E4DE700D56E8F /* Frameworks */,
				3D672C611E5E4DE700D56E8F /* Resources */,
			);
			buildRules = (
			);
			dependencies = (
				3D672C651E5E4DE700D56E8F /* PBXTargetDependency */,
			);
			name = "iCourse CatalogUITests";
			productName = "iCourse CatalogUITests";
			productReference = 3D672C631E5E4DE700D56E8F /* iCourse CatalogUITests.xctest */;
			productType = "com.apple.product-type.bundle.ui-testing";
		};
/* End PBXNativeTarget section */

/* Begin PBXProject section */
		3D672C3C1E5E4DE400D56E8F /* Project object */ = {
			isa = PBXProject;
			attributes = {
				LastSwiftUpdateCheck = 0830;
				LastUpgradeCheck = 0830;
				ORGANIZATIONNAME = "Antonino Febbraro";
				TargetAttributes = {
					3D672C431E5E4DE500D56E8F = {
						CreatedOnToolsVersion = 8.3;
						DevelopmentTeam = G3KC28E98R;
						ProvisioningStyle = Automatic;
						SystemCapabilities = {
							com.apple.Push = {
								enabled = 1;
							};
							com.apple.iCloud = {
								enabled = 1;
							};
						};
					};
					3D672C571E5E4DE700D56E8F = {
						CreatedOnToolsVersion = 8.3;
						ProvisioningStyle = Automatic;
						TestTargetID = 3D672C431E5E4DE500D56E8F;
					};
					3D672C621E5E4DE700D56E8F = {
						CreatedOnToolsVersion = 8.3;
						ProvisioningStyle = Automatic;
						TestTargetID = 3D672C431E5E4DE500D56E8F;
					};
				};
			};
			buildConfigurationList = 3D672C3F1E5E4DE400D56E8F /* Build configuration list for PBXProject "iCourse Catalog" */;
			compatibilityVersion = "Xcode 3.2";
			developmentRegion = English;
			hasScannedForEncodings = 0;
			knownRegions = (
				en,
				Base,
			);
			mainGroup = 3D672C3B1E5E4DE200D56E8F;
			productRefGroup = 3D672C451E5E4DE500D56E8F /* Products */;
			projectDirPath = "";
			projectRoot = "";
			targets = (
				3D672C431E5E4DE500D56E8F /* iCourse Catalog */,
				3D672C571E5E4DE700D56E8F /* iCourse CatalogTests */,
				3D672C621E5E4DE700D56E8F /* iCourse CatalogUITests */,
			);
		};
/* End PBXProject section */

/* Begin PBXResourcesBuildPhase section */
		3D672C421E5E4DE500D56E8F /* Resources */ = {
			isa = PBXResourcesBuildPhase;
			buildActionMask = 2147483647;
			files = (
				3D672C521E5E4DE600D56E8F /* LaunchScreen.storyboard in Resources */,
				3D672C4F1E5E4DE600D56E8F /* Assets.xcassets in Resources */,
				3D17DA2C1E5EBA2900A8A76C /* IMG_3219.PNG in Resources */,
				3D672C4D1E5E4DE600D56E8F /* Main.storyboard in Resources */,
			);
			runOnlyForDeploymentPostprocessing = 0;
		};
		3D672C561E5E4DE700D56E8F /* Resources */ = {
			isa = PBXResourcesBuildPhase;
			buildActionMask = 2147483647;
			files = (
			);
			runOnlyForDeploymentPostprocessing = 0;
		};
		3D672C611E5E4DE700D56E8F /* Resources */ = {
			isa = PBXResourcesBuildPhase;
			buildActionMask = 2147483647;
			files = (
			);
			runOnlyForDeploymentPostprocessing = 0;
		};
/* End PBXResourcesBuildPhase section */

/* Begin PBXSourcesBuildPhase section */
		3D672C401E5E4DE500D56E8F /* Sources */ = {
			isa = PBXSourcesBuildPhase;
			buildActionMask = 2147483647;
			files = (
				3D672C4A1E5E4DE600D56E8F /* ViewController.swift in Sources */,
				3D4B963A1E6F87D800B41379 /* ClassView.swift in Sources */,
				3D672C481E5E4DE600D56E8F /* AppDelegate.swift in Sources */,
				3D17DA2E1E5EBA9D00A8A76C /* SeeMajorsView.swift in Sources */,
				3D672C781E5E7B6700D56E8F /* MyCollectionViewCell.swift in Sources */,
				3D4B96331E5EB00700B41379 /* majors.swift in Sources */,
				3D4B96381E6F5D2800B41379 /* SearchBar.swift in Sources */,
				3D4B96361E6E246D00B41379 /* ClassCollectionViewCell.swift in Sources */,
				3D672C761E5E79F200D56E8F /* credits.swift in Sources */,
				3D4B962B1E5E8B8700B41379 /* SeeCreditsView.swift in Sources */,
			);
			runOnlyForDeploymentPostprocessing = 0;
		};
		3D672C541E5E4DE700D56E8F /* Sources */ = {
			isa = PBXSourcesBuildPhase;
			buildActionMask = 2147483647;
			files = (
				3D672C5D1E5E4DE700D56E8F /* iCourse_CatalogTests.swift in Sources */,
			);
			runOnlyForDeploymentPostprocessing = 0;
		};
		3D672C5F1E5E4DE700D56E8F /* Sources */ = {
			isa = PBXSourcesBuildPhase;
			buildActionMask = 2147483647;
			files = (
				3D672C681E5E4DE700D56E8F /* iCourse_CatalogUITests.swift in Sources */,
			);
			runOnlyForDeploymentPostprocessing = 0;
		};
/* End PBXSourcesBuildPhase section */

/* Begin PBXTargetDependency section */
		3D672C5A1E5E4DE700D56E8F /* PBXTargetDependency */ = {
			isa = PBXTargetDependency;
			target = 3D672C431E5E4DE500D56E8F /* iCourse Catalog */;
			targetProxy = 3D672C591E5E4DE700D56E8F /* PBXContainerItemProxy */;
		};
		3D672C651E5E4DE700D56E8F /* PBXTargetDependency */ = {
			isa = PBXTargetDependency;
			target = 3D672C431E5E4DE500D56E8F /* iCourse Catalog */;
			targetProxy = 3D672C641E5E4DE700D56E8F /* PBXContainerItemProxy */;
		};
/* End PBXTargetDependency section */

/* Begin PBXVariantGroup section */
		3D672C4B1E5E4DE600D56E8F /* Main.storyboard */ = {
			isa = PBXVariantGroup;
			children = (
				3D672C4C1E5E4DE600D56E8F /* Base */,
			);
			name = Main.storyboard;
			sourceTree = "<group>";
		};
		3D672C501E5E4DE600D56E8F /* LaunchScreen.storyboard */ = {
			isa = PBXVariantGroup;
			children = (
				3D672C511E5E4DE600D56E8F /* Base */,
			);
			name = LaunchScreen.storyboard;
			sourceTree = "<group>";
		};
/* End PBXVariantGroup section */

/* Begin XCBuildConfiguration section */
		3D672C6A1E5E4DE800D56E8F /* Debug */ = {
			isa = XCBuildConfiguration;
			buildSettings = {
				ALWAYS_SEARCH_USER_PATHS = NO;
				CLANG_ANALYZER_NONNULL = YES;
				CLANG_ANALYZER_NUMBER_OBJECT_CONVERSION = YES_AGGRESSIVE;
				CLANG_CXX_LANGUAGE_STANDARD = "gnu++0x";
				CLANG_CXX_LIBRARY = "libc++";
				CLANG_ENABLE_MODULES = YES;
				CLANG_ENABLE_OBJC_ARC = YES;
				CLANG_WARN_BOOL_CONVERSION = YES;
				CLANG_WARN_CONSTANT_CONVERSION = YES;
				CLANG_WARN_DIRECT_OBJC_ISA_USAGE = YES_ERROR;
				CLANG_WARN_DOCUMENTATION_COMMENTS = YES;
				CLANG_WARN_EMPTY_BODY = YES;
				CLANG_WARN_ENUM_CONVERSION = YES;
				CLANG_WARN_INFINITE_RECURSION = YES;
				CLANG_WARN_INT_CONVERSION = YES;
				CLANG_WARN_OBJC_ROOT_CLASS = YES_ERROR;
				CLANG_WARN_SUSPICIOUS_MOVE = YES;
				CLANG_WARN_UNREACHABLE_CODE = YES;
				CLANG_WARN__DUPLICATE_METHOD_MATCH = YES;
				"CODE_SIGN_IDENTITY[sdk=iphoneos*]" = "iPhone Developer";
				COPY_PHASE_STRIP = NO;
				DEBUG_INFORMATION_FORMAT = dwarf;
				ENABLE_STRICT_OBJC_MSGSEND = YES;
				ENABLE_TESTABILITY = YES;
				GCC_C_LANGUAGE_STANDARD = gnu99;
				GCC_DYNAMIC_NO_PIC = NO;
				GCC_NO_COMMON_BLOCKS = YES;
				GCC_OPTIMIZATION_LEVEL = 0;
				GCC_PREPROCESSOR_DEFINITIONS = (
					"DEBUG=1",
					"$(inherited)",
				);
				GCC_WARN_64_TO_32_BIT_CONVERSION = YES;
				GCC_WARN_ABOUT_RETURN_TYPE = YES_ERROR;
				GCC_WARN_UNDECLARED_SELECTOR = YES;
				GCC_WARN_UNINITIALIZED_AUTOS = YES_AGGRESSIVE;
				GCC_WARN_UNUSED_FUNCTION = YES;
				GCC_WARN_UNUSED_VARIABLE = YES;
				IPHONEOS_DEPLOYMENT_TARGET = 10.3;
				MTL_ENABLE_DEBUG_INFO = YES;
				ONLY_ACTIVE_ARCH = YES;
				SDKROOT = iphoneos;
				SWIFT_ACTIVE_COMPILATION_CONDITIONS = DEBUG;
				SWIFT_OPTIMIZATION_LEVEL = "-Onone";
				TARGETED_DEVICE_FAMILY = "1,2";
			};
			name = Debug;
		};
		3D672C6B1E5E4DE800D56E8F /* Release */ = {
			isa = XCBuildConfiguration;
			buildSettings = {
				ALWAYS_SEARCH_USER_PATHS = NO;
				CLANG_ANALYZER_NONNULL = YES;
				CLANG_ANALYZER_NUMBER_OBJECT_CONVERSION = YES_AGGRESSIVE;
				CLANG_CXX_LANGUAGE_STANDARD = "gnu++0x";
				CLANG_CXX_LIBRARY = "libc++";
				CLANG_ENABLE_MODULES = YES;
				CLANG_ENABLE_OBJC_ARC = YES;
				CLANG_WARN_BOOL_CONVERSION = YES;
				CLANG_WARN_CONSTANT_CONVERSION = YES;
				CLANG_WARN_DIRECT_OBJC_ISA_USAGE = YES_ERROR;
				CLANG_WARN_DOCUMENTATION_COMMENTS = YES;
				CLANG_WARN_EMPTY_BODY = YES;
				CLANG_WARN_ENUM_CONVERSION = YES;
				CLANG_WARN_INFINITE_RECURSION = YES;
				CLANG_WARN_INT_CONVERSION = YES;
				CLANG_WARN_OBJC_ROOT_CLASS = YES_ERROR;
				CLANG_WARN_SUSPICIOUS_MOVE = YES;
				CLANG_WARN_UNREACHABLE_CODE = YES;
				CLANG_WARN__DUPLICATE_METHOD_MATCH = YES;
				"CODE_SIGN_IDENTITY[sdk=iphoneos*]" = "iPhone Developer";
				COPY_PHASE_STRIP = NO;
				DEBUG_INFORMATION_FORMAT = "dwarf-with-dsym";
				ENABLE_NS_ASSERTIONS = NO;
				ENABLE_STRICT_OBJC_MSGSEND = YES;
				GCC_C_LANGUAGE_STANDARD = gnu99;
				GCC_NO_COMMON_BLOCKS = YES;
				GCC_WARN_64_TO_32_BIT_CONVERSION = YES;
				GCC_WARN_ABOUT_RETURN_TYPE = YES_ERROR;
				GCC_WARN_UNDECLARED_SELECTOR = YES;
				GCC_WARN_UNINITIALIZED_AUTOS = YES_AGGRESSIVE;
				GCC_WARN_UNUSED_FUNCTION = YES;
				GCC_WARN_UNUSED_VARIABLE = YES;
				IPHONEOS_DEPLOYMENT_TARGET = 10.3;
				MTL_ENABLE_DEBUG_INFO = NO;
				SDKROOT = iphoneos;
				SWIFT_OPTIMIZATION_LEVEL = "-Owholemodule";
				TARGETED_DEVICE_FAMILY = "1,2";
				VALIDATE_PRODUCT = YES;
			};
			name = Release;
		};
		3D672C6D1E5E4DE800D56E8F /* Debug */ = {
			isa = XCBuildConfiguration;
			buildSettings = {
				ASSETCATALOG_COMPILER_APPICON_NAME = AppIcon;
				CODE_SIGN_ENTITLEMENTS = "iCourse Catalog/iCourse Catalog.entitlements";
				DEVELOPMENT_TEAM = G3KC28E98R;
				INFOPLIST_FILE = "iCourse Catalog/Info.plist";
				IPHONEOS_DEPLOYMENT_TARGET = 10.0;
				LD_RUNPATH_SEARCH_PATHS = "$(inherited) @executable_path/Frameworks";
				PRODUCT_BUNDLE_IDENTIFIER = "Antonino-Febbraro.iCourse-Catalog";
				PRODUCT_NAME = "$(TARGET_NAME)";
				SWIFT_VERSION = 3.0;
			};
			name = Debug;
		};
		3D672C6E1E5E4DE800D56E8F /* Release */ = {
			isa = XCBuildConfiguration;
			buildSettings = {
				ASSETCATALOG_COMPILER_APPICON_NAME = AppIcon;
				CODE_SIGN_ENTITLEMENTS = "iCourse Catalog/iCourse Catalog.entitlements";
				DEVELOPMENT_TEAM = G3KC28E98R;
				INFOPLIST_FILE = "iCourse Catalog/Info.plist";
				IPHONEOS_DEPLOYMENT_TARGET = 10.0;
				LD_RUNPATH_SEARCH_PATHS = "$(inherited) @executable_path/Frameworks";
				PRODUCT_BUNDLE_IDENTIFIER = "Antonino-Febbraro.iCourse-Catalog";
				PRODUCT_NAME = "$(TARGET_NAME)";
				SWIFT_VERSION = 3.0;
			};
			name = Release;
		};
		3D672C701E5E4DE800D56E8F /* Debug */ = {
			isa = XCBuildConfiguration;
			buildSettings = {
				ALWAYS_EMBED_SWIFT_STANDARD_LIBRARIES = YES;
				BUNDLE_LOADER = "$(TEST_HOST)";
				INFOPLIST_FILE = "iCourse CatalogTests/Info.plist";
				LD_RUNPATH_SEARCH_PATHS = "$(inherited) @executable_path/Frameworks @loader_path/Frameworks";
				PRODUCT_BUNDLE_IDENTIFIER = "Antonino-Febbraro.iCourse-CatalogTests";
				PRODUCT_NAME = "$(TARGET_NAME)";
				SWIFT_VERSION = 3.0;
				TEST_HOST = "$(BUILT_PRODUCTS_DIR)/iCourse Catalog.app/iCourse Catalog";
			};
			name = Debug;
		};
		3D672C711E5E4DE800D56E8F /* Release */ = {
			isa = XCBuildConfiguration;
			buildSettings = {
				ALWAYS_EMBED_SWIFT_STANDARD_LIBRARIES = YES;
				BUNDLE_LOADER = "$(TEST_HOST)";
				INFOPLIST_FILE = "iCourse CatalogTests/Info.plist";
				LD_RUNPATH_SEARCH_PATHS = "$(inherited) @executable_path/Frameworks @loader_path/Frameworks";
				PRODUCT_BUNDLE_IDENTIFIER = "Antonino-Febbraro.iCourse-CatalogTests";
				PRODUCT_NAME = "$(TARGET_NAME)";
				SWIFT_VERSION = 3.0;
				TEST_HOST = "$(BUILT_PRODUCTS_DIR)/iCourse Catalog.app/iCourse Catalog";
			};
			name = Release;
		};
		3D672C731E5E4DE800D56E8F /* Debug */ = {
			isa = XCBuildConfiguration;
			buildSettings = {
				ALWAYS_EMBED_SWIFT_STANDARD_LIBRARIES = YES;
				INFOPLIST_FILE = "iCourse CatalogUITests/Info.plist";
				LD_RUNPATH_SEARCH_PATHS = "$(inherited) @executable_path/Frameworks @loader_path/Frameworks";
				PRODUCT_BUNDLE_IDENTIFIER = "Antonino-Febbraro.iCourse-CatalogUITests";
				PRODUCT_NAME = "$(TARGET_NAME)";
				SWIFT_VERSION = 3.0;
				TEST_TARGET_NAME = "iCourse Catalog";
			};
			name = Debug;
		};
		3D672C741E5E4DE800D56E8F /* Release */ = {
			isa = XCBuildConfiguration;
			buildSettings = {
				ALWAYS_EMBED_SWIFT_STANDARD_LIBRARIES = YES;
				INFOPLIST_FILE = "iCourse CatalogUITests/Info.plist";
				LD_RUNPATH_SEARCH_PATHS = "$(inherited) @executable_path/Frameworks @loader_path/Frameworks";
				PRODUCT_BUNDLE_IDENTIFIER = "Antonino-Febbraro.iCourse-CatalogUITests";
				PRODUCT_NAME = "$(TARGET_NAME)";
				SWIFT_VERSION = 3.0;
				TEST_TARGET_NAME = "iCourse Catalog";
			};
			name = Release;
		};
/* End XCBuildConfiguration section */

/* Begin XCConfigurationList section */
		3D672C3F1E5E4DE400D56E8F /* Build configuration list for PBXProject "iCourse Catalog" */ = {
			isa = XCConfigurationList;
			buildConfigurations = (
				3D672C6A1E5E4DE800D56E8F /* Debug */,
				3D672C6B1E5E4DE800D56E8F /* Release */,
			);
			defaultConfigurationIsVisible = 0;
			defaultConfigurationName = Release;
		};
		3D672C6C1E5E4DE800D56E8F /* Build configuration list for PBXNativeTarget "iCourse Catalog" */ = {
			isa = XCConfigurationList;
			buildConfigurations = (
				3D672C6D1E5E4DE800D56E8F /* Debug */,
				3D672C6E1E5E4DE800D56E8F /* Release */,
			);
			defaultConfigurationIsVisible = 0;
			defaultConfigurationName = Release;
		};
		3D672C6F1E5E4DE800D56E8F /* Build configuration list for PBXNativeTarget "iCourse CatalogTests" */ = {
			isa = XCConfigurationList;
			buildConfigurations = (
				3D672C701E5E4DE800D56E8F /* Debug */,
				3D672C711E5E4DE800D56E8F /* Release */,
			);
			defaultConfigurationIsVisible = 0;
			defaultConfigurationName = Release;
		};
		3D672C721E5E4DE800D56E8F /* Build configuration list for PBXNativeTarget "iCourse CatalogUITests" */ = {
			isa = XCConfigurationList;
			buildConfigurations = (
				3D672C731E5E4DE800D56E8F /* Debug */,
				3D672C741E5E4DE800D56E8F /* Release */,
			);
			defaultConfigurationIsVisible = 0;
			defaultConfigurationName = Release;
		};
/* End XCConfigurationList section */
	};
	rootObject = 3D672C3C1E5E4DE400D56E8F /* Project object */;
}
